
Microsoft Visual Studio Solution File, Format Version 11.00
# Visual Studio 2010
Project("{E24C65DC-7377-472B-9ABA-BC803B73C61A}") = "TabControl", "TabControl\", "{2EAC1EAC-C54E-472E-A3EE-6657426861ED}"
	ProjectSection(WebsiteProperties) = preProject
		TargetFrameworkMoniker = ".NETFramework,Version%3Dv4.0"
		Debug.AspNetCompiler.VirtualPath = "/TabControl"
		Debug.AspNetCompiler.PhysicalPath = "TabControl\"
		Debug.AspNetCompiler.TargetPath = "PrecompiledWeb\TabControl\"
		Debug.AspNetCompiler.Updateable = "true"
		Debug.AspNetCompiler.ForceOverwrite = "true"
		Debug.AspNetCompiler.FixedNames = "false"
		Debug.AspNetCompiler.Debug = "True"
		Release.AspNetCompiler.VirtualPath = "/TabControl"
		Release.AspNetCompiler.PhysicalPath = "TabControl\"
		Release.AspNetCompiler.TargetPath = "PrecompiledWeb\TabControl\"
		Release.AspNetCompiler.Updateable = "true"
		Release.AspNetCompiler.ForceOverwrite = "true"
		Release.AspNetCompiler.FixedNames = "false"
		Release.AspNetCompiler.Debug = "False"
		VWDPort = "3748"
		DefaultWebSiteLanguage = "Visual C#"
	EndProjectSection
EndProject
Project("{E24C65DC-7377-472B-9ABA-BC803B73C61A}") = "TabControlDynamicLoad", "TabControlDynamicLoad\", "{4D81E85F-7A6C-4036-BC65-00F1E6FF7850}"
	ProjectSection(WebsiteProperties) = preProject
		TargetFrameworkMoniker = ".NETFramework,Version%3Dv4.0"
		Debug.AspNetCompiler.VirtualPath = "/TabControlDynamicLoad"
		Debug.AspNetCompiler.PhysicalPath = "TabControlDynamicLoad\"
		Debug.AspNetCompiler.TargetPath = "PrecompiledWeb\TabControlDynamicLoad\"
		Debug.AspNetCompiler.Updateable = "true"
		Debug.AspNetCompiler.ForceOverwrite = "true"
		Debug.AspNetCompiler.FixedNames = "false"
		Debug.AspNetCompiler.Debug = "True"
		Release.AspNetCompiler.VirtualPath = "/TabControlDynamicLoad"
		Release.AspNetCompiler.PhysicalPath = "TabControlDynamicLoad\"
		Release.AspNetCompiler.TargetPath = "PrecompiledWeb\TabControlDynamicLoad\"
		Release.AspNetCompiler.Updateable = "true"
		Release.AspNetCompiler.ForceOverwrite = "true"
		Release.AspNetCompiler.FixedNames = "false"
		Release.AspNetCompiler.Debug = "False"
		VWDPort = "11251"
	EndProjectSection
EndProject
Global
	GlobalSection(SolutionConfigurationPlatforms) = preSolution
		Debug|Any CPU = Debug|Any CPU
	EndGlobalSection
	GlobalSection(ProjectConfigurationPlatforms) = postSolution
		{2EAC1EAC-C54E-472E-A3EE-6657426861ED}.Debug|Any CPU.ActiveCfg = Debug|Any CPU
		{2EAC1EAC-C54E-472E-A3EE-6657426861ED}.Debug|Any CPU.Build.0 = Debug|Any CPU
		{4D81E85F-7A6C-4036-BC65-00F1E6FF7850}.Debug|Any CPU.ActiveCfg = Debug|Any CPU
		{4D81E85F-7A6C-4036-BC65-00F1E6FF7850}.Debug|Any CPU.Build.0 = Debug|Any CPU
	EndGlobalSection
	GlobalSection(SolutionProperties) = preSolution
		HideSolutionNode = FALSE
	EndGlobalSection
EndGlobal
