
Microsoft Visual Studio Solution File, Format Version 12.00
# Visual Studio 2012
Project("{FAE04EC0-301F-11D3-BF4B-00C04F79EFBC}") = "WebControlPostBack", "WebControlPostBack\WebControlPostBack.csproj", "{EBF72C00-A0CF-4554-86EE-09BEA3681216}"
EndProject
Project("{FAE04EC0-301F-11D3-BF4B-00C04F79EFBC}") = "ControlLibrary", "ControlLibrary\ControlLibrary.csproj", "{6FACC59F-C0A4-4773-AF03-0D88C3166109}"
EndProject
Global
	GlobalSection(SolutionConfigurationPlatforms) = preSolution
		Debug|Any CPU = Debug|Any CPU
		Release|Any CPU = Release|Any CPU
	EndGlobalSection
	GlobalSection(ProjectConfigurationPlatforms) = postSolution
		{EBF72C00-A0CF-4554-86EE-09BEA3681216}.Debug|Any CPU.ActiveCfg = Debug|Any CPU
		{EBF72C00-A0CF-4554-86EE-09BEA3681216}.Debug|Any CPU.Build.0 = Debug|Any CPU
		{EBF72C00-A0CF-4554-86EE-09BEA3681216}.Release|Any CPU.ActiveCfg = Release|Any CPU
		{EBF72C00-A0CF-4554-86EE-09BEA3681216}.Release|Any CPU.Build.0 = Release|Any CPU
		{6FACC59F-C0A4-4773-AF03-0D88C3166109}.Debug|Any CPU.ActiveCfg = Debug|Any CPU
		{6FACC59F-C0A4-4773-AF03-0D88C3166109}.Debug|Any CPU.Build.0 = Debug|Any CPU
		{6FACC59F-C0A4-4773-AF03-0D88C3166109}.Release|Any CPU.ActiveCfg = Release|Any CPU
		{6FACC59F-C0A4-4773-AF03-0D88C3166109}.Release|Any CPU.Build.0 = Release|Any CPU
	EndGlobalSection
	GlobalSection(SolutionProperties) = preSolution
		HideSolutionNode = FALSE
	EndGlobalSection
EndGlobal
