
Microsoft Visual Studio Solution File, Format Version 12.00
# Visual Studio 2013
VisualStudioVersion = 12.0.20827.3
MinimumVisualStudioVersion = 10.0.40219.1
Project("{FAE04EC0-301F-11D3-BF4B-00C04F79EFBC}") = "ExtensionHandling", "ExtensionHandling\ExtensionHandling.csproj", "{E7035D6C-24F3-474B-BE1A-AC4EF15AB667}"
EndProject
Project("{FAE04EC0-301F-11D3-BF4B-00C04F79EFBC}") = "TestFileHandlerLibrary", "TestFileHandlerLibrary\TestFileHandlerLibrary.csproj", "{405821EC-A0C7-4377-ADD6-77D98717C3FE}"
EndProject
Global
	GlobalSection(SolutionConfigurationPlatforms) = preSolution
		Debug|Any CPU = Debug|Any CPU
		Release|Any CPU = Release|Any CPU
	EndGlobalSection
	GlobalSection(ProjectConfigurationPlatforms) = postSolution
		{E7035D6C-24F3-474B-BE1A-AC4EF15AB667}.Debug|Any CPU.ActiveCfg = Debug|Any CPU
		{E7035D6C-24F3-474B-BE1A-AC4EF15AB667}.Debug|Any CPU.Build.0 = Debug|Any CPU
		{E7035D6C-24F3-474B-BE1A-AC4EF15AB667}.Release|Any CPU.ActiveCfg = Release|Any CPU
		{E7035D6C-24F3-474B-BE1A-AC4EF15AB667}.Release|Any CPU.Build.0 = Release|Any CPU
		{405821EC-A0C7-4377-ADD6-77D98717C3FE}.Debug|Any CPU.ActiveCfg = Debug|Any CPU
		{405821EC-A0C7-4377-ADD6-77D98717C3FE}.Debug|Any CPU.Build.0 = Debug|Any CPU
		{405821EC-A0C7-4377-ADD6-77D98717C3FE}.Release|Any CPU.ActiveCfg = Release|Any CPU
		{405821EC-A0C7-4377-ADD6-77D98717C3FE}.Release|Any CPU.Build.0 = Release|Any CPU
	EndGlobalSection
	GlobalSection(SolutionProperties) = preSolution
		HideSolutionNode = FALSE
	EndGlobalSection
EndGlobal
