
Microsoft Visual Studio Solution File, Format Version 12.00
# Visual Studio 2012
Project("{FAE04EC0-301F-11D3-BF4B-00C04F79EFBC}") = "01_UserControlDataBound", "UserControlDataBound\01_UserControlDataBound.csproj", "{1E0B7302-1C45-40F6-B85E-0F13F4B37EF8}"
EndProject
Project("{FAE04EC0-301F-11D3-BF4B-00C04F79EFBC}") = "02_UserControlDataBound", "02_UserControlDataBound\02_UserControlDataBound.csproj", "{3E7FCEFC-85F8-4C2C-818B-7E4FFF40D5BC}"
EndProject
Global
	GlobalSection(SolutionConfigurationPlatforms) = preSolution
		Debug|Any CPU = Debug|Any CPU
		Release|Any CPU = Release|Any CPU
	EndGlobalSection
	GlobalSection(ProjectConfigurationPlatforms) = postSolution
		{1E0B7302-1C45-40F6-B85E-0F13F4B37EF8}.Debug|Any CPU.ActiveCfg = Debug|Any CPU
		{1E0B7302-1C45-40F6-B85E-0F13F4B37EF8}.Debug|Any CPU.Build.0 = Debug|Any CPU
		{1E0B7302-1C45-40F6-B85E-0F13F4B37EF8}.Release|Any CPU.ActiveCfg = Release|Any CPU
		{1E0B7302-1C45-40F6-B85E-0F13F4B37EF8}.Release|Any CPU.Build.0 = Release|Any CPU
		{3E7FCEFC-85F8-4C2C-818B-7E4FFF40D5BC}.Debug|Any CPU.ActiveCfg = Debug|Any CPU
		{3E7FCEFC-85F8-4C2C-818B-7E4FFF40D5BC}.Debug|Any CPU.Build.0 = Debug|Any CPU
		{3E7FCEFC-85F8-4C2C-818B-7E4FFF40D5BC}.Release|Any CPU.ActiveCfg = Release|Any CPU
		{3E7FCEFC-85F8-4C2C-818B-7E4FFF40D5BC}.Release|Any CPU.Build.0 = Release|Any CPU
	EndGlobalSection
	GlobalSection(SolutionProperties) = preSolution
		HideSolutionNode = FALSE
	EndGlobalSection
EndGlobal
