
Microsoft Visual Studio Solution File, Format Version 12.00
# Visual Studio 2012
Project("{FAE04EC0-301F-11D3-BF4B-00C04F79EFBC}") = "HyperLinkList", "HyperLinkList\HyperLinkList.csproj", "{DD8C8B39-0AC1-441C-81B0-A3DAC6DDC7EF}"
EndProject
Project("{FAE04EC0-301F-11D3-BF4B-00C04F79EFBC}") = "HyperLinkListClassLibrary", "HyperLinkListClassLibrary\HyperLinkListClassLibrary.csproj", "{6AE9380D-77ED-4EF8-A0E9-7A60D3EF286E}"
EndProject
Global
	GlobalSection(SolutionConfigurationPlatforms) = preSolution
		Debug|Any CPU = Debug|Any CPU
		Release|Any CPU = Release|Any CPU
	EndGlobalSection
	GlobalSection(ProjectConfigurationPlatforms) = postSolution
		{DD8C8B39-0AC1-441C-81B0-A3DAC6DDC7EF}.Debug|Any CPU.ActiveCfg = Debug|Any CPU
		{DD8C8B39-0AC1-441C-81B0-A3DAC6DDC7EF}.Debug|Any CPU.Build.0 = Debug|Any CPU
		{DD8C8B39-0AC1-441C-81B0-A3DAC6DDC7EF}.Release|Any CPU.ActiveCfg = Release|Any CPU
		{DD8C8B39-0AC1-441C-81B0-A3DAC6DDC7EF}.Release|Any CPU.Build.0 = Release|Any CPU
		{6AE9380D-77ED-4EF8-A0E9-7A60D3EF286E}.Debug|Any CPU.ActiveCfg = Debug|Any CPU
		{6AE9380D-77ED-4EF8-A0E9-7A60D3EF286E}.Debug|Any CPU.Build.0 = Debug|Any CPU
		{6AE9380D-77ED-4EF8-A0E9-7A60D3EF286E}.Release|Any CPU.ActiveCfg = Release|Any CPU
		{6AE9380D-77ED-4EF8-A0E9-7A60D3EF286E}.Release|Any CPU.Build.0 = Release|Any CPU
	EndGlobalSection
	GlobalSection(SolutionProperties) = preSolution
		HideSolutionNode = FALSE
	EndGlobalSection
EndGlobal
