
Microsoft Visual Studio Solution File, Format Version 12.00
# Visual Studio 2012
Project("{FAE04EC0-301F-11D3-BF4B-00C04F79EFBC}") = "SimpleSpecWebControl", "SimpleSpecWebControl\SimpleSpecWebControl.csproj", "{83CD59A8-0CD0-4A9B-8D4C-15D149CDD30C}"
EndProject
Project("{FAE04EC0-301F-11D3-BF4B-00C04F79EFBC}") = "ControlLibrary", "ControlLibrary\ControlLibrary.csproj", "{B1231A6D-9DA7-4D6E-AD22-E3BD2DB908FA}"
EndProject
Global
	GlobalSection(SolutionConfigurationPlatforms) = preSolution
		Debug|Any CPU = Debug|Any CPU
		Release|Any CPU = Release|Any CPU
	EndGlobalSection
	GlobalSection(ProjectConfigurationPlatforms) = postSolution
		{83CD59A8-0CD0-4A9B-8D4C-15D149CDD30C}.Debug|Any CPU.ActiveCfg = Debug|Any CPU
		{83CD59A8-0CD0-4A9B-8D4C-15D149CDD30C}.Debug|Any CPU.Build.0 = Debug|Any CPU
		{83CD59A8-0CD0-4A9B-8D4C-15D149CDD30C}.Release|Any CPU.ActiveCfg = Release|Any CPU
		{83CD59A8-0CD0-4A9B-8D4C-15D149CDD30C}.Release|Any CPU.Build.0 = Release|Any CPU
		{B1231A6D-9DA7-4D6E-AD22-E3BD2DB908FA}.Debug|Any CPU.ActiveCfg = Debug|Any CPU
		{B1231A6D-9DA7-4D6E-AD22-E3BD2DB908FA}.Debug|Any CPU.Build.0 = Debug|Any CPU
		{B1231A6D-9DA7-4D6E-AD22-E3BD2DB908FA}.Release|Any CPU.ActiveCfg = Release|Any CPU
		{B1231A6D-9DA7-4D6E-AD22-E3BD2DB908FA}.Release|Any CPU.Build.0 = Release|Any CPU
	EndGlobalSection
	GlobalSection(SolutionProperties) = preSolution
		HideSolutionNode = FALSE
	EndGlobalSection
EndGlobal
